// !$*UTF8*$!
{
	archiveVersion = 1;
	classes = {
	};
	objectVersion = 46;
	objects = {

/* Begin PBXBuildFile section */
		662368261FB4E2D300D0497B /* AppDelegate.swift in Sources */ = {isa = PBXBuildFile; fileRef = 662368251FB4E2D300D0497B /* AppDelegate.swift */; };
		662368281FB4E2D300D0497B /* ViewController.swift in Sources */ = {isa = PBXBuildFile; fileRef = 662368271FB4E2D300D0497B /* ViewController.swift */; };
		6623682B1FB4E2D300D0497B /* Main.storyboard in Resources */ = {isa = PBXBuildFile; fileRef = 662368291FB4E2D300D0497B /* Main.storyboard */; };
		6623682D1FB4E2D300D0497B /* Assets.xcassets in Resources */ = {isa = PBXBuildFile; fileRef = 6623682C1FB4E2D300D0497B /* Assets.xcassets */; };
		662368301FB4E2D300D0497B /* LaunchScreen.storyboard in Resources */ = {isa = PBXBuildFile; fileRef = 6623682E1FB4E2D300D0497B /* LaunchScreen.storyboard */; };
		6623683B1FB4E2D300D0497B /* iFixYouri_Front_DeskTests.swift in Sources */ = {isa = PBXBuildFile; fileRef = 6623683A1FB4E2D300D0497B /* iFixYouri_Front_DeskTests.swift */; };
		662368461FB4E2D300D0497B /* iFixYouri_Front_DeskUITests.swift in Sources */ = {isa = PBXBuildFile; fileRef = 662368451FB4E2D300D0497B /* iFixYouri_Front_DeskUITests.swift */; };
		6623685C1FB4F37E00D0497B /* Device.swift in Sources */ = {isa = PBXBuildFile; fileRef = 662368561FB4F37E00D0497B /* Device.swift */; };
		6623685D1FB4F37E00D0497B /* DeviceStatusViewController.swift in Sources */ = {isa = PBXBuildFile; fileRef = 662368571FB4F37E00D0497B /* DeviceStatusViewController.swift */; };
		6623685E1FB4F37E00D0497B /* DeviceUpdateCell.swift in Sources */ = {isa = PBXBuildFile; fileRef = 662368581FB4F37E00D0497B /* DeviceUpdateCell.swift */; };
		662368601FB4F37E00D0497B /* OptionCell.swift in Sources */ = {isa = PBXBuildFile; fileRef = 6623685A1FB4F37E00D0497B /* OptionCell.swift */; };
		662368611FB4F37E00D0497B /* Update.swift in Sources */ = {isa = PBXBuildFile; fileRef = 6623685B1FB4F37E00D0497B /* Update.swift */; };
		662368651FB4F70100D0497B /* constants.swift in Sources */ = {isa = PBXBuildFile; fileRef = 662368641FB4F70100D0497B /* constants.swift */; };
		662368681FB4F73500D0497B /* helpers.swift in Sources */ = {isa = PBXBuildFile; fileRef = 662368671FB4F73500D0497B /* helpers.swift */; };
		66C666821FB4FC8F00663646 /* LandingCollectionViewCell.swift in Sources */ = {isa = PBXBuildFile; fileRef = 66C666811FB4FC8F00663646 /* LandingCollectionViewCell.swift */; };
		66C666851FB50DA500663646 /* background.jpg in Resources */ = {isa = PBXBuildFile; fileRef = 66C666841FB50DA500663646 /* background.jpg */; };
		91E44EB33983F2CF57A4BBEA /* Pods_iFixYouri_Front_Desk.framework in Frameworks */ = {isa = PBXBuildFile; fileRef = 2F0A9EEA2EE254EE07B8D9AF /* Pods_iFixYouri_Front_Desk.framework */; };
		ABAA21985DFE88610D7770CE /* Pods_iFixYouri_Front_DeskUITests.framework in Frameworks */ = {isa = PBXBuildFile; fileRef = F8158BA98B1FCC864FFF9F12 /* Pods_iFixYouri_Front_DeskUITests.framework */; };
		C9DD2A25AB02EA26702067C2 /* Pods_iFixYouri_Front_DeskTests.framework in Frameworks */ = {isa = PBXBuildFile; fileRef = 3D889B4B006018545613D09B /* Pods_iFixYouri_Front_DeskTests.framework */; };
/* End PBXBuildFile section */

/* Begin PBXContainerItemProxy section */
		662368371FB4E2D300D0497B /* PBXContainerItemProxy */ = {
			isa = PBXContainerItemProxy;
			containerPortal = 6623681A1FB4E2D300D0497B /* Project object */;
			proxyType = 1;
			remoteGlobalIDString = 662368211FB4E2D300D0497B;
			remoteInfo = "iFixYouri Front Desk";
		};
		662368421FB4E2D300D0497B /* PBXContainerItemProxy */ = {
			isa = PBXContainerItemProxy;
			containerPortal = 6623681A1FB4E2D300D0497B /* Project object */;
			proxyType = 1;
			remoteGlobalIDString = 662368211FB4E2D300D0497B;
			remoteInfo = "iFixYouri Front Desk";
		};
/* End PBXContainerItemProxy section */

/* Begin PBXFileReference section */
		23DAFA9718E0924894AF20ED /* Pods-iFixYouri Front Desk.release.xcconfig */ = {isa = PBXFileReference; includeInIndex = 1; lastKnownFileType = text.xcconfig; name = "Pods-iFixYouri Front Desk.release.xcconfig"; path = "Pods/Target Support Files/Pods-iFixYouri Front Desk/Pods-iFixYouri Front Desk.release.xcconfig"; sourceTree = "<group>"; };
		2D930594FE5CA7DDB9CB076A /* Pods-iFixYouri Front DeskTests.release.xcconfig */ = {isa = PBXFileReference; includeInIndex = 1; lastKnownFileType = text.xcconfig; name = "Pods-iFixYouri Front DeskTests.release.xcconfig"; path = "Pods/Target Support Files/Pods-iFixYouri Front DeskTests/Pods-iFixYouri Front DeskTests.release.xcconfig"; sourceTree = "<group>"; };
		2F0A9EEA2EE254EE07B8D9AF /* Pods_iFixYouri_Front_Desk.framework */ = {isa = PBXFileReference; explicitFileType = wrapper.framework; includeInIndex = 0; path = Pods_iFixYouri_Front_Desk.framework; sourceTree = BUILT_PRODUCTS_DIR; };
		3D889B4B006018545613D09B /* Pods_iFixYouri_Front_DeskTests.framework */ = {isa = PBXFileReference; explicitFileType = wrapper.framework; includeInIndex = 0; path = Pods_iFixYouri_Front_DeskTests.framework; sourceTree = BUILT_PRODUCTS_DIR; };
		465A5BBB2D8CB999CAFB7870 /* Pods-iFixYouri Front Desk.debug.xcconfig */ = {isa = PBXFileReference; includeInIndex = 1; lastKnownFileType = text.xcconfig; name = "Pods-iFixYouri Front Desk.debug.xcconfig"; path = "Pods/Target Support Files/Pods-iFixYouri Front Desk/Pods-iFixYouri Front Desk.debug.xcconfig"; sourceTree = "<group>"; };
		662368221FB4E2D300D0497B /* iFixYouri Front Desk.app */ = {isa = PBXFileReference; explicitFileType = wrapper.application; includeInIndex = 0; path = "iFixYouri Front Desk.app"; sourceTree = BUILT_PRODUCTS_DIR; };
		662368251FB4E2D300D0497B /* AppDelegate.swift */ = {isa = PBXFileReference; lastKnownFileType = sourcecode.swift; path = AppDelegate.swift; sourceTree = "<group>"; };
		662368271FB4E2D300D0497B /* ViewController.swift */ = {isa = PBXFileReference; lastKnownFileType = sourcecode.swift; path = ViewController.swift; sourceTree = "<group>"; };
		6623682A1FB4E2D300D0497B /* Base */ = {isa = PBXFileReference; lastKnownFileType = file.storyboard; name = Base; path = Base.lproj/Main.storyboard; sourceTree = "<group>"; };
		6623682C1FB4E2D300D0497B /* Assets.xcassets */ = {isa = PBXFileReference; lastKnownFileType = folder.assetcatalog; path = Assets.xcassets; sourceTree = "<group>"; };
		6623682F1FB4E2D300D0497B /* Base */ = {isa = PBXFileReference; lastKnownFileType = file.storyboard; name = Base; path = Base.lproj/LaunchScreen.storyboard; sourceTree = "<group>"; };
		662368311FB4E2D300D0497B /* Info.plist */ = {isa = PBXFileReference; lastKnownFileType = text.plist.xml; path = Info.plist; sourceTree = "<group>"; };
		662368361FB4E2D300D0497B /* iFixYouri Front DeskTests.xctest */ = {isa = PBXFileReference; explicitFileType = wrapper.cfbundle; includeInIndex = 0; path = "iFixYouri Front DeskTests.xctest"; sourceTree = BUILT_PRODUCTS_DIR; };
		6623683A1FB4E2D300D0497B /* iFixYouri_Front_DeskTests.swift */ = {isa = PBXFileReference; lastKnownFileType = sourcecode.swift; path = iFixYouri_Front_DeskTests.swift; sourceTree = "<group>"; };
		6623683C1FB4E2D300D0497B /* Info.plist */ = {isa = PBXFileReference; lastKnownFileType = text.plist.xml; path = Info.plist; sourceTree = "<group>"; };
		662368411FB4E2D300D0497B /* iFixYouri Front DeskUITests.xctest */ = {isa = PBXFileReference; explicitFileType = wrapper.cfbundle; includeInIndex = 0; path = "iFixYouri Front DeskUITests.xctest"; sourceTree = BUILT_PRODUCTS_DIR; };
		662368451FB4E2D300D0497B /* iFixYouri_Front_DeskUITests.swift */ = {isa = PBXFileReference; lastKnownFileType = sourcecode.swift; path = iFixYouri_Front_DeskUITests.swift; sourceTree = "<group>"; };
		662368471FB4E2D300D0497B /* Info.plist */ = {isa = PBXFileReference; lastKnownFileType = text.plist.xml; path = Info.plist; sourceTree = "<group>"; };
		662368561FB4F37E00D0497B /* Device.swift */ = {isa = PBXFileReference; fileEncoding = 4; lastKnownFileType = sourcecode.swift; name = Device.swift; path = "../iFixYouri Check In/Device.swift"; sourceTree = "<group>"; };
		662368571FB4F37E00D0497B /* DeviceStatusViewController.swift */ = {isa = PBXFileReference; fileEncoding = 4; lastKnownFileType = sourcecode.swift; name = DeviceStatusViewController.swift; path = "../iFixYouri Check In/DeviceStatusViewController.swift"; sourceTree = "<group>"; };
		662368581FB4F37E00D0497B /* DeviceUpdateCell.swift */ = {isa = PBXFileReference; fileEncoding = 4; lastKnownFileType = sourcecode.swift; name = DeviceUpdateCell.swift; path = "../iFixYouri Check In/DeviceUpdateCell.swift"; sourceTree = "<group>"; };
		6623685A1FB4F37E00D0497B /* OptionCell.swift */ = {isa = PBXFileReference; fileEncoding = 4; lastKnownFileType = sourcecode.swift; name = OptionCell.swift; path = "../iFixYouri Check In/OptionCell.swift"; sourceTree = "<group>"; };
		6623685B1FB4F37E00D0497B /* Update.swift */ = {isa = PBXFileReference; fileEncoding = 4; lastKnownFileType = sourcecode.swift; name = Update.swift; path = "../iFixYouri Check In/Update.swift"; sourceTree = "<group>"; };
		662368641FB4F70100D0497B /* constants.swift */ = {isa = PBXFileReference; fileEncoding = 4; lastKnownFileType = sourcecode.swift; name = constants.swift; path = "../iFixYouri Check In/iFixYouri Check In/constants.swift"; sourceTree = "<group>"; };
		662368671FB4F73500D0497B /* helpers.swift */ = {isa = PBXFileReference; fileEncoding = 4; lastKnownFileType = sourcecode.swift; name = helpers.swift; path = "../iFixYouri Check In/iFixYouri Check In/helpers.swift"; sourceTree = "<group>"; };
		66C666811FB4FC8F00663646 /* LandingCollectionViewCell.swift */ = {isa = PBXFileReference; fileEncoding = 4; lastKnownFileType = sourcecode.swift; path = LandingCollectionViewCell.swift; sourceTree = "<group>"; };
		66C666841FB50DA500663646 /* background.jpg */ = {isa = PBXFileReference; lastKnownFileType = image.jpeg; path = background.jpg; sourceTree = "<group>"; };
		A33F3BDB761E1B3DDAE8F54D /* Pods-iFixYouri Front DeskUITests.debug.xcconfig */ = {isa = PBXFileReference; includeInIndex = 1; lastKnownFileType = text.xcconfig; name = "Pods-iFixYouri Front DeskUITests.debug.xcconfig"; path = "Pods/Target Support Files/Pods-iFixYouri Front DeskUITests/Pods-iFixYouri Front DeskUITests.debug.xcconfig"; sourceTree = "<group>"; };
		CE1BE1FB70610D92127727F8 /* Pods-iFixYouri Front DeskUITests.release.xcconfig */ = {isa = PBXFileReference; includeInIndex = 1; lastKnownFileType = text.xcconfig; name = "Pods-iFixYouri Front DeskUITests.release.xcconfig"; path = "Pods/Target Support Files/Pods-iFixYouri Front DeskUITests/Pods-iFixYouri Front DeskUITests.release.xcconfig"; sourceTree = "<group>"; };
		DAADD00934B81D5A5FFC7F53 /* Pods-iFixYouri Front DeskTests.debug.xcconfig */ = {isa = PBXFileReference; includeInIndex = 1; lastKnownFileType = text.xcconfig; name = "Pods-iFixYouri Front DeskTests.debug.xcconfig"; path = "Pods/Target Support Files/Pods-iFixYouri Front DeskTests/Pods-iFixYouri Front DeskTests.debug.xcconfig"; sourceTree = "<group>"; };
		F8158BA98B1FCC864FFF9F12 /* Pods_iFixYouri_Front_DeskUITests.framework */ = {isa = PBXFileReference; explicitFileType = wrapper.framework; includeInIndex = 0; path = Pods_iFixYouri_Front_DeskUITests.framework; sourceTree = BUILT_PRODUCTS_DIR; };
/* End PBXFileReference section */

/* Begin PBXFrameworksBuildPhase section */
		6623681F1FB4E2D300D0497B /* Frameworks */ = {
			isa = PBXFrameworksBuildPhase;
			buildActionMask = 2147483647;
			files = (
				91E44EB33983F2CF57A4BBEA /* Pods_iFixYouri_Front_Desk.framework in Frameworks */,
			);
			runOnlyForDeploymentPostprocessing = 0;
		};
		662368331FB4E2D300D0497B /* Frameworks */ = {
			isa = PBXFrameworksBuildPhase;
			buildActionMask = 2147483647;
			files = (
				C9DD2A25AB02EA26702067C2 /* Pods_iFixYouri_Front_DeskTests.framework in Frameworks */,
			);
			runOnlyForDeploymentPostprocessing = 0;
		};
		6623683E1FB4E2D300D0497B /* Frameworks */ = {
			isa = PBXFrameworksBuildPhase;
			buildActionMask = 2147483647;
			files = (
				ABAA21985DFE88610D7770CE /* Pods_iFixYouri_Front_DeskUITests.framework in Frameworks */,
			);
			runOnlyForDeploymentPostprocessing = 0;
		};
/* End PBXFrameworksBuildPhase section */

/* Begin PBXGroup section */
		662368191FB4E2D300D0497B = {
			isa = PBXGroup;
			children = (
				66C666831FB50D9500663646 /* Resources */,
				662368661FB4F71300D0497B /* View */,
				662368551FB4F25C00D0497B /* Model */,
				662368541FB4F25600D0497B /* Controller */,
				662368531FB4F24900D0497B /* Constants */,
				662368241FB4E2D300D0497B /* iFixYouri Front Desk */,
				662368391FB4E2D300D0497B /* iFixYouri Front DeskTests */,
				662368441FB4E2D300D0497B /* iFixYouri Front DeskUITests */,
				662368231FB4E2D300D0497B /* Products */,
				7EA41B8D2350B6225E4AAB8A /* Pods */,
				857E2893709D6D4AFC8C0C20 /* Frameworks */,
			);
			sourceTree = "<group>";
		};
		662368231FB4E2D300D0497B /* Products */ = {
			isa = PBXGroup;
			children = (
				662368221FB4E2D300D0497B /* iFixYouri Front Desk.app */,
				662368361FB4E2D300D0497B /* iFixYouri Front DeskTests.xctest */,
				662368411FB4E2D300D0497B /* iFixYouri Front DeskUITests.xctest */,
			);
			name = Products;
			sourceTree = "<group>";
		};
		662368241FB4E2D300D0497B /* iFixYouri Front Desk */ = {
			isa = PBXGroup;
			children = (
				662368251FB4E2D300D0497B /* AppDelegate.swift */,
				662368271FB4E2D300D0497B /* ViewController.swift */,
				662368291FB4E2D300D0497B /* Main.storyboard */,
				6623682C1FB4E2D300D0497B /* Assets.xcassets */,
				6623682E1FB4E2D300D0497B /* LaunchScreen.storyboard */,
				662368311FB4E2D300D0497B /* Info.plist */,
			);
			path = "iFixYouri Front Desk";
			sourceTree = "<group>";
		};
		662368391FB4E2D300D0497B /* iFixYouri Front DeskTests */ = {
			isa = PBXGroup;
			children = (
				6623683A1FB4E2D300D0497B /* iFixYouri_Front_DeskTests.swift */,
				6623683C1FB4E2D300D0497B /* Info.plist */,
			);
			path = "iFixYouri Front DeskTests";
			sourceTree = "<group>";
		};
		662368441FB4E2D300D0497B /* iFixYouri Front DeskUITests */ = {
			isa = PBXGroup;
			children = (
				662368451FB4E2D300D0497B /* iFixYouri_Front_DeskUITests.swift */,
				662368471FB4E2D300D0497B /* Info.plist */,
			);
			path = "iFixYouri Front DeskUITests";
			sourceTree = "<group>";
		};
		662368531FB4F24900D0497B /* Constants */ = {
			isa = PBXGroup;
			children = (
				662368671FB4F73500D0497B /* helpers.swift */,
				662368641FB4F70100D0497B /* constants.swift */,
			);
			name = Constants;
			sourceTree = "<group>";
		};
		662368541FB4F25600D0497B /* Controller */ = {
			isa = PBXGroup;
			children = (
				662368571FB4F37E00D0497B /* DeviceStatusViewController.swift */,
			);
			name = Controller;
			sourceTree = "<group>";
		};
		662368551FB4F25C00D0497B /* Model */ = {
			isa = PBXGroup;
			children = (
				662368561FB4F37E00D0497B /* Device.swift */,
				6623685B1FB4F37E00D0497B /* Update.swift */,
				662368581FB4F37E00D0497B /* DeviceUpdateCell.swift */,
			);
			name = Model;
			sourceTree = "<group>";
		};
		662368661FB4F71300D0497B /* View */ = {
			isa = PBXGroup;
			children = (
				66C666811FB4FC8F00663646 /* LandingCollectionViewCell.swift */,
				6623685A1FB4F37E00D0497B /* OptionCell.swift */,
			);
			name = View;
			sourceTree = "<group>";
		};
		66C666831FB50D9500663646 /* Resources */ = {
			isa = PBXGroup;
			children = (
				66C666841FB50DA500663646 /* background.jpg */,
			);
			name = Resources;
			sourceTree = "<group>";
		};
		7EA41B8D2350B6225E4AAB8A /* Pods */ = {
			isa = PBXGroup;
			children = (
				465A5BBB2D8CB999CAFB7870 /* Pods-iFixYouri Front Desk.debug.xcconfig */,
				23DAFA9718E0924894AF20ED /* Pods-iFixYouri Front Desk.release.xcconfig */,
				DAADD00934B81D5A5FFC7F53 /* Pods-iFixYouri Front DeskTests.debug.xcconfig */,
				2D930594FE5CA7DDB9CB076A /* Pods-iFixYouri Front DeskTests.release.xcconfig */,
				A33F3BDB761E1B3DDAE8F54D /* Pods-iFixYouri Front DeskUITests.debug.xcconfig */,
				CE1BE1FB70610D92127727F8 /* Pods-iFixYouri Front DeskUITests.release.xcconfig */,
			);
			name = Pods;
			sourceTree = "<group>";
		};
		857E2893709D6D4AFC8C0C20 /* Frameworks */ = {
			isa = PBXGroup;
			children = (
				2F0A9EEA2EE254EE07B8D9AF /* Pods_iFixYouri_Front_Desk.framework */,
				3D889B4B006018545613D09B /* Pods_iFixYouri_Front_DeskTests.framework */,
				F8158BA98B1FCC864FFF9F12 /* Pods_iFixYouri_Front_DeskUITests.framework */,
			);
			name = Frameworks;
			sourceTree = "<group>";
		};
/* End PBXGroup section */

/* Begin PBXNativeTarget section */
		662368211FB4E2D300D0497B /* iFixYouri Front Desk */ = {
			isa = PBXNativeTarget;
			buildConfigurationList = 6623684A1FB4E2D300D0497B /* Build configuration list for PBXNativeTarget "iFixYouri Front Desk" */;
			buildPhases = (
				BD8866CB7754D270D5C6836B /* [CP] Check Pods Manifest.lock */,
				6623681E1FB4E2D300D0497B /* Sources */,
				6623681F1FB4E2D300D0497B /* Frameworks */,
				662368201FB4E2D300D0497B /* Resources */,
				7B91FC1578286C0F01E46DA3 /* [CP] Embed Pods Frameworks */,
				FD27CFB2F3DCF4F39A5849D4 /* [CP] Copy Pods Resources */,
			);
			buildRules = (
			);
			dependencies = (
			);
			name = "iFixYouri Front Desk";
			productName = "iFixYouri Front Desk";
			productReference = 662368221FB4E2D300D0497B /* iFixYouri Front Desk.app */;
			productType = "com.apple.product-type.application";
		};
		662368351FB4E2D300D0497B /* iFixYouri Front DeskTests */ = {
			isa = PBXNativeTarget;
			buildConfigurationList = 6623684D1FB4E2D300D0497B /* Build configuration list for PBXNativeTarget "iFixYouri Front DeskTests" */;
			buildPhases = (
				7D276ADA8A7A373001A3F748 /* [CP] Check Pods Manifest.lock */,
				662368321FB4E2D300D0497B /* Sources */,
				662368331FB4E2D300D0497B /* Frameworks */,
				662368341FB4E2D300D0497B /* Resources */,
				A6FC6C6A51A8F30094791144 /* [CP] Embed Pods Frameworks */,
				49F1C7B55273168BBC6801E8 /* [CP] Copy Pods Resources */,
			);
			buildRules = (
			);
			dependencies = (
				662368381FB4E2D300D0497B /* PBXTargetDependency */,
			);
			name = "iFixYouri Front DeskTests";
			productName = "iFixYouri Front DeskTests";
			productReference = 662368361FB4E2D300D0497B /* iFixYouri Front DeskTests.xctest */;
			productType = "com.apple.product-type.bundle.unit-test";
		};
		662368401FB4E2D300D0497B /* iFixYouri Front DeskUITests */ = {
			isa = PBXNativeTarget;
			buildConfigurationList = 662368501FB4E2D300D0497B /* Build configuration list for PBXNativeTarget "iFixYouri Front DeskUITests" */;
			buildPhases = (
				0D2B6362659FA10A669FA3A4 /* [CP] Check Pods Manifest.lock */,
				6623683D1FB4E2D300D0497B /* Sources */,
				6623683E1FB4E2D300D0497B /* Frameworks */,
				6623683F1FB4E2D300D0497B /* Resources */,
				C8353C20CBE7515DB2CBAB17 /* [CP] Embed Pods Frameworks */,
				8771CA17D4F66091959C5E84 /* [CP] Copy Pods Resources */,
			);
			buildRules = (
			);
			dependencies = (
				662368431FB4E2D300D0497B /* PBXTargetDependency */,
			);
			name = "iFixYouri Front DeskUITests";
			productName = "iFixYouri Front DeskUITests";
			productReference = 662368411FB4E2D300D0497B /* iFixYouri Front DeskUITests.xctest */;
			productType = "com.apple.product-type.bundle.ui-testing";
		};
/* End PBXNativeTarget section */

/* Begin PBXProject section */
		6623681A1FB4E2D300D0497B /* Project object */ = {
			isa = PBXProject;
			attributes = {
				LastSwiftUpdateCheck = 0830;
				LastUpgradeCheck = 0830;
				ORGANIZATIONNAME = "Sam Elder";
				TargetAttributes = {
					662368211FB4E2D300D0497B = {
						CreatedOnToolsVersion = 8.3.3;
						DevelopmentTeam = M788HE688R;
						ProvisioningStyle = Automatic;
					};
					662368351FB4E2D300D0497B = {
						CreatedOnToolsVersion = 8.3.3;
						DevelopmentTeam = M788HE688R;
						ProvisioningStyle = Automatic;
						TestTargetID = 662368211FB4E2D300D0497B;
					};
					662368401FB4E2D300D0497B = {
						CreatedOnToolsVersion = 8.3.3;
						DevelopmentTeam = M788HE688R;
						ProvisioningStyle = Automatic;
						TestTargetID = 662368211FB4E2D300D0497B;
					};
				};
			};
			buildConfigurationList = 6623681D1FB4E2D300D0497B /* Build configuration list for PBXProject "iFixYouri Front Desk" */;
			compatibilityVersion = "Xcode 3.2";
			developmentRegion = English;
			hasScannedForEncodings = 0;
			knownRegions = (
				en,
				Base,
			);
			mainGroup = 662368191FB4E2D300D0497B;
			productRefGroup = 662368231FB4E2D300D0497B /* Products */;
			projectDirPath = "";
			projectRoot = "";
			targets = (
				662368211FB4E2D300D0497B /* iFixYouri Front Desk */,
				662368351FB4E2D300D0497B /* iFixYouri Front DeskTests */,
				662368401FB4E2D300D0497B /* iFixYouri Front DeskUITests */,
			);
		};
/* End PBXProject section */

/* Begin PBXResourcesBuildPhase section */
		662368201FB4E2D300D0497B /* Resources */ = {
			isa = PBXResourcesBuildPhase;
			buildActionMask = 2147483647;
			files = (
				662368301FB4E2D300D0497B /* LaunchScreen.storyboard in Resources */,
				66C666851FB50DA500663646 /* background.jpg in Resources */,
				6623682D1FB4E2D300D0497B /* Assets.xcassets in Resources */,
				6623682B1FB4E2D300D0497B /* Main.storyboard in Resources */,
			);
			runOnlyForDeploymentPostprocessing = 0;
		};
		662368341FB4E2D300D0497B /* Resources */ = {
			isa = PBXResourcesBuildPhase;
			buildActionMask = 2147483647;
			files = (
			);
			runOnlyForDeploymentPostprocessing = 0;
		};
		6623683F1FB4E2D300D0497B /* Resources */ = {
			isa = PBXResourcesBuildPhase;
			buildActionMask = 2147483647;
			files = (
			);
			runOnlyForDeploymentPostprocessing = 0;
		};
/* End PBXResourcesBuildPhase section */

/* Begin PBXShellScriptBuildPhase section */
		0D2B6362659FA10A669FA3A4 /* [CP] Check Pods Manifest.lock */ = {
			isa = PBXShellScriptBuildPhase;
			buildActionMask = 2147483647;
			files = (
			);
			inputPaths = (
			);
			name = "[CP] Check Pods Manifest.lock";
			outputPaths = (
			);
			runOnlyForDeploymentPostprocessing = 0;
			shellPath = /bin/sh;
			shellScript = "diff \"${PODS_ROOT}/../Podfile.lock\" \"${PODS_ROOT}/Manifest.lock\" > /dev/null\nif [ $? != 0 ] ; then\n    # print error to STDERR\n    echo \"error: The sandbox is not in sync with the Podfile.lock. Run 'pod install' or update your CocoaPods installation.\" >&2\n    exit 1\nfi\n";
			showEnvVarsInLog = 0;
		};
		49F1C7B55273168BBC6801E8 /* [CP] Copy Pods Resources */ = {
			isa = PBXShellScriptBuildPhase;
			buildActionMask = 2147483647;
			files = (
			);
			inputPaths = (
			);
			name = "[CP] Copy Pods Resources";
			outputPaths = (
			);
			runOnlyForDeploymentPostprocessing = 0;
			shellPath = /bin/sh;
			shellScript = "\"${SRCROOT}/Pods/Target Support Files/Pods-iFixYouri Front DeskTests/Pods-iFixYouri Front DeskTests-resources.sh\"\n";
			showEnvVarsInLog = 0;
		};
		7B91FC1578286C0F01E46DA3 /* [CP] Embed Pods Frameworks */ = {
			isa = PBXShellScriptBuildPhase;
			buildActionMask = 2147483647;
			files = (
			);
			inputPaths = (
			);
			name = "[CP] Embed Pods Frameworks";
			outputPaths = (
			);
			runOnlyForDeploymentPostprocessing = 0;
			shellPath = /bin/sh;
			shellScript = "\"${SRCROOT}/Pods/Target Support Files/Pods-iFixYouri Front Desk/Pods-iFixYouri Front Desk-frameworks.sh\"\n";
			showEnvVarsInLog = 0;
		};
		7D276ADA8A7A373001A3F748 /* [CP] Check Pods Manifest.lock */ = {
			isa = PBXShellScriptBuildPhase;
			buildActionMask = 2147483647;
			files = (
			);
			inputPaths = (
			);
			name = "[CP] Check Pods Manifest.lock";
			outputPaths = (
			);
			runOnlyForDeploymentPostprocessing = 0;
			shellPath = /bin/sh;
			shellScript = "diff \"${PODS_ROOT}/../Podfile.lock\" \"${PODS_ROOT}/Manifest.lock\" > /dev/null\nif [ $? != 0 ] ; then\n    # print error to STDERR\n    echo \"error: The sandbox is not in sync with the Podfile.lock. Run 'pod install' or update your CocoaPods installation.\" >&2\n    exit 1\nfi\n";
			showEnvVarsInLog = 0;
		};
		8771CA17D4F66091959C5E84 /* [CP] Copy Pods Resources */ = {
			isa = PBXShellScriptBuildPhase;
			buildActionMask = 2147483647;
			files = (
			);
			inputPaths = (
			);
			name = "[CP] Copy Pods Resources";
			outputPaths = (
			);
			runOnlyForDeploymentPostprocessing = 0;
			shellPath = /bin/sh;
			shellScript = "\"${SRCROOT}/Pods/Target Support Files/Pods-iFixYouri Front DeskUITests/Pods-iFixYouri Front DeskUITests-resources.sh\"\n";
			showEnvVarsInLog = 0;
		};
		A6FC6C6A51A8F30094791144 /* [CP] Embed Pods Frameworks */ = {
			isa = PBXShellScriptBuildPhase;
			buildActionMask = 2147483647;
			files = (
			);
			inputPaths = (
			);
			name = "[CP] Embed Pods Frameworks";
			outputPaths = (
			);
			runOnlyForDeploymentPostprocessing = 0;
			shellPath = /bin/sh;
			shellScript = "\"${SRCROOT}/Pods/Target Support Files/Pods-iFixYouri Front DeskTests/Pods-iFixYouri Front DeskTests-frameworks.sh\"\n";
			showEnvVarsInLog = 0;
		};
		BD8866CB7754D270D5C6836B /* [CP] Check Pods Manifest.lock */ = {
			isa = PBXShellScriptBuildPhase;
			buildActionMask = 2147483647;
			files = (
			);
			inputPaths = (
			);
			name = "[CP] Check Pods Manifest.lock";
			outputPaths = (
			);
			runOnlyForDeploymentPostprocessing = 0;
			shellPath = /bin/sh;
			shellScript = "diff \"${PODS_ROOT}/../Podfile.lock\" \"${PODS_ROOT}/Manifest.lock\" > /dev/null\nif [ $? != 0 ] ; then\n    # print error to STDERR\n    echo \"error: The sandbox is not in sync with the Podfile.lock. Run 'pod install' or update your CocoaPods installation.\" >&2\n    exit 1\nfi\n";
			showEnvVarsInLog = 0;
		};
		C8353C20CBE7515DB2CBAB17 /* [CP] Embed Pods Frameworks */ = {
			isa = PBXShellScriptBuildPhase;
			buildActionMask = 2147483647;
			files = (
			);
			inputPaths = (
			);
			name = "[CP] Embed Pods Frameworks";
			outputPaths = (
			);
			runOnlyForDeploymentPostprocessing = 0;
			shellPath = /bin/sh;
			shellScript = "\"${SRCROOT}/Pods/Target Support Files/Pods-iFixYouri Front DeskUITests/Pods-iFixYouri Front DeskUITests-frameworks.sh\"\n";
			showEnvVarsInLog = 0;
		};
		FD27CFB2F3DCF4F39A5849D4 /* [CP] Copy Pods Resources */ = {
			isa = PBXShellScriptBuildPhase;
			buildActionMask = 2147483647;
			files = (
			);
			inputPaths = (
			);
			name = "[CP] Copy Pods Resources";
			outputPaths = (
			);
			runOnlyForDeploymentPostprocessing = 0;
			shellPath = /bin/sh;
			shellScript = "\"${SRCROOT}/Pods/Target Support Files/Pods-iFixYouri Front Desk/Pods-iFixYouri Front Desk-resources.sh\"\n";
			showEnvVarsInLog = 0;
		};
/* End PBXShellScriptBuildPhase section */

/* Begin PBXSourcesBuildPhase section */
		6623681E1FB4E2D300D0497B /* Sources */ = {
			isa = PBXSourcesBuildPhase;
			buildActionMask = 2147483647;
			files = (
				66C666821FB4FC8F00663646 /* LandingCollectionViewCell.swift in Sources */,
				6623685D1FB4F37E00D0497B /* DeviceStatusViewController.swift in Sources */,
				6623685C1FB4F37E00D0497B /* Device.swift in Sources */,
				662368651FB4F70100D0497B /* constants.swift in Sources */,
				662368611FB4F37E00D0497B /* Update.swift in Sources */,
				662368601FB4F37E00D0497B /* OptionCell.swift in Sources */,
				6623685E1FB4F37E00D0497B /* DeviceUpdateCell.swift in Sources */,
				662368281FB4E2D300D0497B /* ViewController.swift in Sources */,
				662368261FB4E2D300D0497B /* AppDelegate.swift in Sources */,
				662368681FB4F73500D0497B /* helpers.swift in Sources */,
			);
			runOnlyForDeploymentPostprocessing = 0;
		};
		662368321FB4E2D300D0497B /* Sources */ = {
			isa = PBXSourcesBuildPhase;
			buildActionMask = 2147483647;
			files = (
				6623683B1FB4E2D300D0497B /* iFixYouri_Front_DeskTests.swift in Sources */,
			);
			runOnlyForDeploymentPostprocessing = 0;
		};
		6623683D1FB4E2D300D0497B /* Sources */ = {
			isa = PBXSourcesBuildPhase;
			buildActionMask = 2147483647;
			files = (
				662368461FB4E2D300D0497B /* iFixYouri_Front_DeskUITests.swift in Sources */,
			);
			runOnlyForDeploymentPostprocessing = 0;
		};
/* End PBXSourcesBuildPhase section */

/* Begin PBXTargetDependency section */
		662368381FB4E2D300D0497B /* PBXTargetDependency */ = {
			isa = PBXTargetDependency;
			target = 662368211FB4E2D300D0497B /* iFixYouri Front Desk */;
			targetProxy = 662368371FB4E2D300D0497B /* PBXContainerItemProxy */;
		};
		662368431FB4E2D300D0497B /* PBXTargetDependency */ = {
			isa = PBXTargetDependency;
			target = 662368211FB4E2D300D0497B /* iFixYouri Front Desk */;
			targetProxy = 662368421FB4E2D300D0497B /* PBXContainerItemProxy */;
		};
/* End PBXTargetDependency section */

/* Begin PBXVariantGroup section */
		662368291FB4E2D300D0497B /* Main.storyboard */ = {
			isa = PBXVariantGroup;
			children = (
				6623682A1FB4E2D300D0497B /* Base */,
			);
			name = Main.storyboard;
			sourceTree = "<group>";
		};
		6623682E1FB4E2D300D0497B /* LaunchScreen.storyboard */ = {
			isa = PBXVariantGroup;
			children = (
				6623682F1FB4E2D300D0497B /* Base */,
			);
			name = LaunchScreen.storyboard;
			sourceTree = "<group>";
		};
/* End PBXVariantGroup section */

/* Begin XCBuildConfiguration section */
		662368481FB4E2D300D0497B /* Debug */ = {
			isa = XCBuildConfiguration;
			buildSettings = {
				ALWAYS_SEARCH_USER_PATHS = NO;
				CLANG_ANALYZER_NONNULL = YES;
				CLANG_ANALYZER_NUMBER_OBJECT_CONVERSION = YES_AGGRESSIVE;
				CLANG_CXX_LANGUAGE_STANDARD = "gnu++0x";
				CLANG_CXX_LIBRARY = "libc++";
				CLANG_ENABLE_MODULES = YES;
				CLANG_ENABLE_OBJC_ARC = YES;
				CLANG_WARN_BOOL_CONVERSION = YES;
				CLANG_WARN_CONSTANT_CONVERSION = YES;
				CLANG_WARN_DIRECT_OBJC_ISA_USAGE = YES_ERROR;
				CLANG_WARN_DOCUMENTATION_COMMENTS = YES;
				CLANG_WARN_EMPTY_BODY = YES;
				CLANG_WARN_ENUM_CONVERSION = YES;
				CLANG_WARN_INFINITE_RECURSION = YES;
				CLANG_WARN_INT_CONVERSION = YES;
				CLANG_WARN_OBJC_ROOT_CLASS = YES_ERROR;
				CLANG_WARN_SUSPICIOUS_MOVE = YES;
				CLANG_WARN_UNREACHABLE_CODE = YES;
				CLANG_WARN__DUPLICATE_METHOD_MATCH = YES;
				"CODE_SIGN_IDENTITY[sdk=iphoneos*]" = "iPhone Developer";
				COPY_PHASE_STRIP = NO;
				DEBUG_INFORMATION_FORMAT = dwarf;
				ENABLE_STRICT_OBJC_MSGSEND = YES;
				ENABLE_TESTABILITY = YES;
				GCC_C_LANGUAGE_STANDARD = gnu99;
				GCC_DYNAMIC_NO_PIC = NO;
				GCC_NO_COMMON_BLOCKS = YES;
				GCC_OPTIMIZATION_LEVEL = 0;
				GCC_PREPROCESSOR_DEFINITIONS = (
					"DEBUG=1",
					"$(inherited)",
				);
				GCC_WARN_64_TO_32_BIT_CONVERSION = YES;
				GCC_WARN_ABOUT_RETURN_TYPE = YES_ERROR;
				GCC_WARN_UNDECLARED_SELECTOR = YES;
				GCC_WARN_UNINITIALIZED_AUTOS = YES_AGGRESSIVE;
				GCC_WARN_UNUSED_FUNCTION = YES;
				GCC_WARN_UNUSED_VARIABLE = YES;
				IPHONEOS_DEPLOYMENT_TARGET = 10.3;
				MTL_ENABLE_DEBUG_INFO = YES;
				ONLY_ACTIVE_ARCH = YES;
				SDKROOT = iphoneos;
				SWIFT_ACTIVE_COMPILATION_CONDITIONS = DEBUG;
				SWIFT_OPTIMIZATION_LEVEL = "-Onone";
				TARGETED_DEVICE_FAMILY = 2;
			};
			name = Debug;
		};
		662368491FB4E2D300D0497B /* Release */ = {
			isa = XCBuildConfiguration;
			buildSettings = {
				ALWAYS_SEARCH_USER_PATHS = NO;
				CLANG_ANALYZER_NONNULL = YES;
				CLANG_ANALYZER_NUMBER_OBJECT_CONVERSION = YES_AGGRESSIVE;
				CLANG_CXX_LANGUAGE_STANDARD = "gnu++0x";
				CLANG_CXX_LIBRARY = "libc++";
				CLANG_ENABLE_MODULES = YES;
				CLANG_ENABLE_OBJC_ARC = YES;
				CLANG_WARN_BOOL_CONVERSION = YES;
				CLANG_WARN_CONSTANT_CONVERSION = YES;
				CLANG_WARN_DIRECT_OBJC_ISA_USAGE = YES_ERROR;
				CLANG_WARN_DOCUMENTATION_COMMENTS = YES;
				CLANG_WARN_EMPTY_BODY = YES;
				CLANG_WARN_ENUM_CONVERSION = YES;
				CLANG_WARN_INFINITE_RECURSION = YES;
				CLANG_WARN_INT_CONVERSION = YES;
				CLANG_WARN_OBJC_ROOT_CLASS = YES_ERROR;
				CLANG_WARN_SUSPICIOUS_MOVE = YES;
				CLANG_WARN_UNREACHABLE_CODE = YES;
				CLANG_WARN__DUPLICATE_METHOD_MATCH = YES;
				"CODE_SIGN_IDENTITY[sdk=iphoneos*]" = "iPhone Developer";
				COPY_PHASE_STRIP = NO;
				DEBUG_INFORMATION_FORMAT = "dwarf-with-dsym";
				ENABLE_NS_ASSERTIONS = NO;
				ENABLE_STRICT_OBJC_MSGSEND = YES;
				GCC_C_LANGUAGE_STANDARD = gnu99;
				GCC_NO_COMMON_BLOCKS = YES;
				GCC_WARN_64_TO_32_BIT_CONVERSION = YES;
				GCC_WARN_ABOUT_RETURN_TYPE = YES_ERROR;
				GCC_WARN_UNDECLARED_SELECTOR = YES;
				GCC_WARN_UNINITIALIZED_AUTOS = YES_AGGRESSIVE;
				GCC_WARN_UNUSED_FUNCTION = YES;
				GCC_WARN_UNUSED_VARIABLE = YES;
				IPHONEOS_DEPLOYMENT_TARGET = 10.3;
				MTL_ENABLE_DEBUG_INFO = NO;
				SDKROOT = iphoneos;
				SWIFT_OPTIMIZATION_LEVEL = "-Owholemodule";
				TARGETED_DEVICE_FAMILY = 2;
				VALIDATE_PRODUCT = YES;
			};
			name = Release;
		};
		6623684B1FB4E2D300D0497B /* Debug */ = {
			isa = XCBuildConfiguration;
			baseConfigurationReference = 465A5BBB2D8CB999CAFB7870 /* Pods-iFixYouri Front Desk.debug.xcconfig */;
			buildSettings = {
				ASSETCATALOG_COMPILER_APPICON_NAME = AppIcon;
				DEVELOPMENT_TEAM = M788HE688R;
				INFOPLIST_FILE = "iFixYouri Front Desk/Info.plist";
				LD_RUNPATH_SEARCH_PATHS = "$(inherited) @executable_path/Frameworks";
				PRODUCT_BUNDLE_IDENTIFIER = "scio.iFixYouri-Front-Desk";
				PRODUCT_NAME = "$(TARGET_NAME)";
				SWIFT_VERSION = 3.0;
			};
			name = Debug;
		};
		6623684C1FB4E2D300D0497B /* Release */ = {
			isa = XCBuildConfiguration;
			baseConfigurationReference = 23DAFA9718E0924894AF20ED /* Pods-iFixYouri Front Desk.release.xcconfig */;
			buildSettings = {
				ASSETCATALOG_COMPILER_APPICON_NAME = AppIcon;
				DEVELOPMENT_TEAM = M788HE688R;
				INFOPLIST_FILE = "iFixYouri Front Desk/Info.plist";
				LD_RUNPATH_SEARCH_PATHS = "$(inherited) @executable_path/Frameworks";
				PRODUCT_BUNDLE_IDENTIFIER = "scio.iFixYouri-Front-Desk";
				PRODUCT_NAME = "$(TARGET_NAME)";
				SWIFT_VERSION = 3.0;
			};
			name = Release;
		};
		6623684E1FB4E2D300D0497B /* Debug */ = {
			isa = XCBuildConfiguration;
			baseConfigurationReference = DAADD00934B81D5A5FFC7F53 /* Pods-iFixYouri Front DeskTests.debug.xcconfig */;
			buildSettings = {
				ALWAYS_EMBED_SWIFT_STANDARD_LIBRARIES = YES;
				BUNDLE_LOADER = "$(TEST_HOST)";
				DEVELOPMENT_TEAM = M788HE688R;
				INFOPLIST_FILE = "iFixYouri Front DeskTests/Info.plist";
				LD_RUNPATH_SEARCH_PATHS = "$(inherited) @executable_path/Frameworks @loader_path/Frameworks";
				PRODUCT_BUNDLE_IDENTIFIER = "scio.iFixYouri-Front-DeskTests";
				PRODUCT_NAME = "$(TARGET_NAME)";
				SWIFT_VERSION = 3.0;
				TEST_HOST = "$(BUILT_PRODUCTS_DIR)/iFixYouri Front Desk.app/iFixYouri Front Desk";
			};
			name = Debug;
		};
		6623684F1FB4E2D300D0497B /* Release */ = {
			isa = XCBuildConfiguration;
			baseConfigurationReference = 2D930594FE5CA7DDB9CB076A /* Pods-iFixYouri Front DeskTests.release.xcconfig */;
			buildSettings = {
				ALWAYS_EMBED_SWIFT_STANDARD_LIBRARIES = YES;
				BUNDLE_LOADER = "$(TEST_HOST)";
				DEVELOPMENT_TEAM = M788HE688R;
				INFOPLIST_FILE = "iFixYouri Front DeskTests/Info.plist";
				LD_RUNPATH_SEARCH_PATHS = "$(inherited) @executable_path/Frameworks @loader_path/Frameworks";
				PRODUCT_BUNDLE_IDENTIFIER = "scio.iFixYouri-Front-DeskTests";
				PRODUCT_NAME = "$(TARGET_NAME)";
				SWIFT_VERSION = 3.0;
				TEST_HOST = "$(BUILT_PRODUCTS_DIR)/iFixYouri Front Desk.app/iFixYouri Front Desk";
			};
			name = Release;
		};
		662368511FB4E2D300D0497B /* Debug */ = {
			isa = XCBuildConfiguration;
			baseConfigurationReference = A33F3BDB761E1B3DDAE8F54D /* Pods-iFixYouri Front DeskUITests.debug.xcconfig */;
			buildSettings = {
				ALWAYS_EMBED_SWIFT_STANDARD_LIBRARIES = YES;
				DEVELOPMENT_TEAM = M788HE688R;
				INFOPLIST_FILE = "iFixYouri Front DeskUITests/Info.plist";
				LD_RUNPATH_SEARCH_PATHS = "$(inherited) @executable_path/Frameworks @loader_path/Frameworks";
				PRODUCT_BUNDLE_IDENTIFIER = "scio.iFixYouri-Front-DeskUITests";
				PRODUCT_NAME = "$(TARGET_NAME)";
				SWIFT_VERSION = 3.0;
				TEST_TARGET_NAME = "iFixYouri Front Desk";
			};
			name = Debug;
		};
		662368521FB4E2D300D0497B /* Release */ = {
			isa = XCBuildConfiguration;
			baseConfigurationReference = CE1BE1FB70610D92127727F8 /* Pods-iFixYouri Front DeskUITests.release.xcconfig */;
			buildSettings = {
				ALWAYS_EMBED_SWIFT_STANDARD_LIBRARIES = YES;
				DEVELOPMENT_TEAM = M788HE688R;
				INFOPLIST_FILE = "iFixYouri Front DeskUITests/Info.plist";
				LD_RUNPATH_SEARCH_PATHS = "$(inherited) @executable_path/Frameworks @loader_path/Frameworks";
				PRODUCT_BUNDLE_IDENTIFIER = "scio.iFixYouri-Front-DeskUITests";
				PRODUCT_NAME = "$(TARGET_NAME)";
				SWIFT_VERSION = 3.0;
				TEST_TARGET_NAME = "iFixYouri Front Desk";
			};
			name = Release;
		};
/* End XCBuildConfiguration section */

/* Begin XCConfigurationList section */
		6623681D1FB4E2D300D0497B /* Build configuration list for PBXProject "iFixYouri Front Desk" */ = {
			isa = XCConfigurationList;
			buildConfigurations = (
				662368481FB4E2D300D0497B /* Debug */,
				662368491FB4E2D300D0497B /* Release */,
			);
			defaultConfigurationIsVisible = 0;
			defaultConfigurationName = Release;
		};
		6623684A1FB4E2D300D0497B /* Build configuration list for PBXNativeTarget "iFixYouri Front Desk" */ = {
			isa = XCConfigurationList;
			buildConfigurations = (
				6623684B1FB4E2D300D0497B /* Debug */,
				6623684C1FB4E2D300D0497B /* Release */,
			);
			defaultConfigurationIsVisible = 0;
			defaultConfigurationName = Release;
		};
		6623684D1FB4E2D300D0497B /* Build configuration list for PBXNativeTarget "iFixYouri Front DeskTests" */ = {
			isa = XCConfigurationList;
			buildConfigurations = (
				6623684E1FB4E2D300D0497B /* Debug */,
				6623684F1FB4E2D300D0497B /* Release */,
			);
			defaultConfigurationIsVisible = 0;
			defaultConfigurationName = Release;
		};
		662368501FB4E2D300D0497B /* Build configuration list for PBXNativeTarget "iFixYouri Front DeskUITests" */ = {
			isa = XCConfigurationList;
			buildConfigurations = (
				662368511FB4E2D300D0497B /* Debug */,
				662368521FB4E2D300D0497B /* Release */,
			);
			defaultConfigurationIsVisible = 0;
			defaultConfigurationName = Release;
		};
/* End XCConfigurationList section */
	};
	rootObject = 6623681A1FB4E2D300D0497B /* Project object */;
}
